
Microsoft Visual Studio Solution File, Format Version 12.00
# Visual Studio Version 17
VisualStudioVersion = 17.6.33927.249
MinimumVisualStudioVersion = 10.0.40219.1
Project("{9A19103F-16F7-4668-BE54-9A1E7A4F7556}") = "Business", "Business\Business.csproj", "{6C3BAA03-A1E7-4B2F-90A2-239F86A0501E}"
EndProject
Project("{9A19103F-16F7-4668-BE54-9A1E7A4F7556}") = "DataAccess", "DataAccess\DataAccess.csproj", "{9668444D-D165-42F9-98E1-929ED824299B}"
EndProject
Project("{9A19103F-16F7-4668-BE54-9A1E7A4F7556}") = "WebMVC", "WebMVC\WebMVC.csproj", "{8C894F70-7955-4A34-9D7E-2534D1BA2332}"
EndProject
Project("{9A19103F-16F7-4668-BE54-9A1E7A4F7556}") = "Data", "Data\Data.csproj", "{7EC12A20-6687-4758-9FE5-621D3DC33559}"
EndProject
Project("{9A19103F-16F7-4668-BE54-9A1E7A4F7556}") = "WebDxMVC", "WebDxMVC\WebDxMVC.csproj", "{DE16AC93-B15B-4549-B2FE-9A960702D8D3}"
EndProject
Project("{2150E333-8FDC-42A3-9474-1A3956D46DE8}") = "DevExtreme NuGet.config", "DevExtreme NuGet.config", "{EA1B0F46-A005-4EAD-A03D-3FDA3D21EFC0}"
	ProjectSection(SolutionItems) = preProject
		NuGet.config = NuGet.config
	EndProjectSection
EndProject
Project("{9A19103F-16F7-4668-BE54-9A1E7A4F7556}") = "Common", "Common\Common.csproj", "{6BB5163B-7AB3-4ACC-B1DB-1C31C054BEC1}"
EndProject
Global
	GlobalSection(SolutionConfigurationPlatforms) = preSolution
		Debug|Any CPU = Debug|Any CPU
		Release|Any CPU = Release|Any CPU
	EndGlobalSection
	GlobalSection(ProjectConfigurationPlatforms) = postSolution
		{6C3BAA03-A1E7-4B2F-90A2-239F86A0501E}.Debug|Any CPU.ActiveCfg = Debug|Any CPU
		{6C3BAA03-A1E7-4B2F-90A2-239F86A0501E}.Debug|Any CPU.Build.0 = Debug|Any CPU
		{6C3BAA03-A1E7-4B2F-90A2-239F86A0501E}.Release|Any CPU.ActiveCfg = Release|Any CPU
		{6C3BAA03-A1E7-4B2F-90A2-239F86A0501E}.Release|Any CPU.Build.0 = Release|Any CPU
		{9668444D-D165-42F9-98E1-929ED824299B}.Debug|Any CPU.ActiveCfg = Debug|Any CPU
		{9668444D-D165-42F9-98E1-929ED824299B}.Debug|Any CPU.Build.0 = Debug|Any CPU
		{9668444D-D165-42F9-98E1-929ED824299B}.Release|Any CPU.ActiveCfg = Release|Any CPU
		{9668444D-D165-42F9-98E1-929ED824299B}.Release|Any CPU.Build.0 = Release|Any CPU
		{8C894F70-7955-4A34-9D7E-2534D1BA2332}.Debug|Any CPU.ActiveCfg = Debug|Any CPU
		{8C894F70-7955-4A34-9D7E-2534D1BA2332}.Debug|Any CPU.Build.0 = Debug|Any CPU
		{8C894F70-7955-4A34-9D7E-2534D1BA2332}.Release|Any CPU.ActiveCfg = Release|Any CPU
		{8C894F70-7955-4A34-9D7E-2534D1BA2332}.Release|Any CPU.Build.0 = Release|Any CPU
		{7EC12A20-6687-4758-9FE5-621D3DC33559}.Debug|Any CPU.ActiveCfg = Debug|Any CPU
		{7EC12A20-6687-4758-9FE5-621D3DC33559}.Debug|Any CPU.Build.0 = Debug|Any CPU
		{7EC12A20-6687-4758-9FE5-621D3DC33559}.Release|Any CPU.ActiveCfg = Release|Any CPU
		{7EC12A20-6687-4758-9FE5-621D3DC33559}.Release|Any CPU.Build.0 = Release|Any CPU
		{DE16AC93-B15B-4549-B2FE-9A960702D8D3}.Debug|Any CPU.ActiveCfg = Debug|Any CPU
		{DE16AC93-B15B-4549-B2FE-9A960702D8D3}.Debug|Any CPU.Build.0 = Debug|Any CPU
		{DE16AC93-B15B-4549-B2FE-9A960702D8D3}.Release|Any CPU.ActiveCfg = Release|Any CPU
		{DE16AC93-B15B-4549-B2FE-9A960702D8D3}.Release|Any CPU.Build.0 = Release|Any CPU
		{6BB5163B-7AB3-4ACC-B1DB-1C31C054BEC1}.Debug|Any CPU.ActiveCfg = Debug|Any CPU
		{6BB5163B-7AB3-4ACC-B1DB-1C31C054BEC1}.Debug|Any CPU.Build.0 = Debug|Any CPU
		{6BB5163B-7AB3-4ACC-B1DB-1C31C054BEC1}.Release|Any CPU.ActiveCfg = Release|Any CPU
		{6BB5163B-7AB3-4ACC-B1DB-1C31C054BEC1}.Release|Any CPU.Build.0 = Release|Any CPU
	EndGlobalSection
	GlobalSection(SolutionProperties) = preSolution
		HideSolutionNode = FALSE
	EndGlobalSection
	GlobalSection(ExtensibilityGlobals) = postSolution
		SolutionGuid = {BACC23C0-6E5E-4431-A669-F90AB9B184A7}
	EndGlobalSection
EndGlobal
